
Microsoft Visual Studio Solution File, Format Version 12.00
# Visual Studio 15
VisualStudioVersion = 15.0.26430.14
MinimumVisualStudioVersion = 10.0.40219.1
Project("{FAE04EC0-301F-11D3-BF4B-00C04F79EFBC}") = "atv01", "ConsoleApp2\atv01.csproj", "{D04CAC24-495E-45B3-9CD6-5A6068A7CF4A}"
EndProject
Project("{FAE04EC0-301F-11D3-BF4B-00C04F79EFBC}") = "atv02", "atv02\atv02.csproj", "{C8D7B6D6-EDC8-41E1-845F-A60801B73A38}"
EndProject
Project("{FAE04EC0-301F-11D3-BF4B-00C04F79EFBC}") = "atv03", "atv03\atv03.csproj", "{45B96537-9772-429D-8819-0E506302E4C9}"
EndProject
Project("{FAE04EC0-301F-11D3-BF4B-00C04F79EFBC}") = "atv04", "atv04\atv04.csproj", "{368B3E81-2A30-4246-8330-9445BBCF4B60}"
EndProject
Project("{FAE04EC0-301F-11D3-BF4B-00C04F79EFBC}") = "atv05", "atv05\atv05.csproj", "{0DBF2CF3-D450-415C-9C75-E22D704A3C7D}"
EndProject
Project("{FAE04EC0-301F-11D3-BF4B-00C04F79EFBC}") = "atv06", "atv06\atv06.csproj", "{3FC253BD-76BD-45F5-B950-CF9C0EAF3154}"
EndProject
Project("{FAE04EC0-301F-11D3-BF4B-00C04F79EFBC}") = "atv07", "atv07\atv07.csproj", "{1DDB262E-0469-4644-A1D6-2E0616780799}"
EndProject
Project("{FAE04EC0-301F-11D3-BF4B-00C04F79EFBC}") = "atv08", "atv08\atv08.csproj", "{FF86772D-C12B-427C-9810-3BFECD7222A9}"
EndProject
Project("{FAE04EC0-301F-11D3-BF4B-00C04F79EFBC}") = "atv09", "atv09\atv09.csproj", "{221B6D64-B3C0-42AF-8770-2421AE924F77}"
EndProject
Project("{FAE04EC0-301F-11D3-BF4B-00C04F79EFBC}") = "atv10", "atv10\atv10.csproj", "{2B56C145-F9E6-4EAF-A08A-1AB6F445EBD8}"
EndProject
Project("{FAE04EC0-301F-11D3-BF4B-00C04F79EFBC}") = "atv11", "atv11\atv11.csproj", "{EA9C90DB-EE28-4F1C-B205-897182F0BC17}"
EndProject
Project("{FAE04EC0-301F-11D3-BF4B-00C04F79EFBC}") = "atv12", "atv12\atv12.csproj", "{CB721DF4-5597-40B9-AC26-B96D1F1DB0D4}"
EndProject
Project("{FAE04EC0-301F-11D3-BF4B-00C04F79EFBC}") = "atv13", "atv13\atv13.csproj", "{24761FBC-C328-4D77-8D0D-033840E8B8C3}"
EndProject
Project("{FAE04EC0-301F-11D3-BF4B-00C04F79EFBC}") = "atv14", "atv14\atv14.csproj", "{CA487B6C-8A1B-4653-8785-990CF83D21F0}"
EndProject
Project("{FAE04EC0-301F-11D3-BF4B-00C04F79EFBC}") = "atv15", "atv15\atv15.csproj", "{6D207297-B66B-4E47-BD3F-BF81E1C8D045}"
EndProject
Global
	GlobalSection(SolutionConfigurationPlatforms) = preSolution
		Debug|Any CPU = Debug|Any CPU
		Release|Any CPU = Release|Any CPU
	EndGlobalSection
	GlobalSection(ProjectConfigurationPlatforms) = postSolution
		{D04CAC24-495E-45B3-9CD6-5A6068A7CF4A}.Debug|Any CPU.ActiveCfg = Debug|Any CPU
		{D04CAC24-495E-45B3-9CD6-5A6068A7CF4A}.Debug|Any CPU.Build.0 = Debug|Any CPU
		{D04CAC24-495E-45B3-9CD6-5A6068A7CF4A}.Release|Any CPU.ActiveCfg = Release|Any CPU
		{D04CAC24-495E-45B3-9CD6-5A6068A7CF4A}.Release|Any CPU.Build.0 = Release|Any CPU
		{C8D7B6D6-EDC8-41E1-845F-A60801B73A38}.Debug|Any CPU.ActiveCfg = Debug|Any CPU
		{C8D7B6D6-EDC8-41E1-845F-A60801B73A38}.Debug|Any CPU.Build.0 = Debug|Any CPU
		{C8D7B6D6-EDC8-41E1-845F-A60801B73A38}.Release|Any CPU.ActiveCfg = Release|Any CPU
		{C8D7B6D6-EDC8-41E1-845F-A60801B73A38}.Release|Any CPU.Build.0 = Release|Any CPU
		{45B96537-9772-429D-8819-0E506302E4C9}.Debug|Any CPU.ActiveCfg = Debug|Any CPU
		{45B96537-9772-429D-8819-0E506302E4C9}.Debug|Any CPU.Build.0 = Debug|Any CPU
		{45B96537-9772-429D-8819-0E506302E4C9}.Release|Any CPU.ActiveCfg = Release|Any CPU
		{45B96537-9772-429D-8819-0E506302E4C9}.Release|Any CPU.Build.0 = Release|Any CPU
		{368B3E81-2A30-4246-8330-9445BBCF4B60}.Debug|Any CPU.ActiveCfg = Debug|Any CPU
		{368B3E81-2A30-4246-8330-9445BBCF4B60}.Debug|Any CPU.Build.0 = Debug|Any CPU
		{368B3E81-2A30-4246-8330-9445BBCF4B60}.Release|Any CPU.ActiveCfg = Release|Any CPU
		{368B3E81-2A30-4246-8330-9445BBCF4B60}.Release|Any CPU.Build.0 = Release|Any CPU
		{0DBF2CF3-D450-415C-9C75-E22D704A3C7D}.Debug|Any CPU.ActiveCfg = Debug|Any CPU
		{0DBF2CF3-D450-415C-9C75-E22D704A3C7D}.Debug|Any CPU.Build.0 = Debug|Any CPU
		{0DBF2CF3-D450-415C-9C75-E22D704A3C7D}.Release|Any CPU.ActiveCfg = Release|Any CPU
		{0DBF2CF3-D450-415C-9C75-E22D704A3C7D}.Release|Any CPU.Build.0 = Release|Any CPU
		{3FC253BD-76BD-45F5-B950-CF9C0EAF3154}.Debug|Any CPU.ActiveCfg = Debug|Any CPU
		{3FC253BD-76BD-45F5-B950-CF9C0EAF3154}.Debug|Any CPU.Build.0 = Debug|Any CPU
		{3FC253BD-76BD-45F5-B950-CF9C0EAF3154}.Release|Any CPU.ActiveCfg = Release|Any CPU
		{3FC253BD-76BD-45F5-B950-CF9C0EAF3154}.Release|Any CPU.Build.0 = Release|Any CPU
		{1DDB262E-0469-4644-A1D6-2E0616780799}.Debug|Any CPU.ActiveCfg = Debug|Any CPU
		{1DDB262E-0469-4644-A1D6-2E0616780799}.Debug|Any CPU.Build.0 = Debug|Any CPU
		{1DDB262E-0469-4644-A1D6-2E0616780799}.Release|Any CPU.ActiveCfg = Release|Any CPU
		{1DDB262E-0469-4644-A1D6-2E0616780799}.Release|Any CPU.Build.0 = Release|Any CPU
		{FF86772D-C12B-427C-9810-3BFECD7222A9}.Debug|Any CPU.ActiveCfg = Debug|Any CPU
		{FF86772D-C12B-427C-9810-3BFECD7222A9}.Debug|Any CPU.Build.0 = Debug|Any CPU
		{FF86772D-C12B-427C-9810-3BFECD7222A9}.Release|Any CPU.ActiveCfg = Release|Any CPU
		{FF86772D-C12B-427C-9810-3BFECD7222A9}.Release|Any CPU.Build.0 = Release|Any CPU
		{221B6D64-B3C0-42AF-8770-2421AE924F77}.Debug|Any CPU.ActiveCfg = Debug|Any CPU
		{221B6D64-B3C0-42AF-8770-2421AE924F77}.Debug|Any CPU.Build.0 = Debug|Any CPU
		{221B6D64-B3C0-42AF-8770-2421AE924F77}.Release|Any CPU.ActiveCfg = Release|Any CPU
		{221B6D64-B3C0-42AF-8770-2421AE924F77}.Release|Any CPU.Build.0 = Release|Any CPU
		{2B56C145-F9E6-4EAF-A08A-1AB6F445EBD8}.Debug|Any CPU.ActiveCfg = Debug|Any CPU
		{2B56C145-F9E6-4EAF-A08A-1AB6F445EBD8}.Debug|Any CPU.Build.0 = Debug|Any CPU
		{2B56C145-F9E6-4EAF-A08A-1AB6F445EBD8}.Release|Any CPU.ActiveCfg = Release|Any CPU
		{2B56C145-F9E6-4EAF-A08A-1AB6F445EBD8}.Release|Any CPU.Build.0 = Release|Any CPU
		{EA9C90DB-EE28-4F1C-B205-897182F0BC17}.Debug|Any CPU.ActiveCfg = Debug|Any CPU
		{EA9C90DB-EE28-4F1C-B205-897182F0BC17}.Debug|Any CPU.Build.0 = Debug|Any CPU
		{EA9C90DB-EE28-4F1C-B205-897182F0BC17}.Release|Any CPU.ActiveCfg = Release|Any CPU
		{EA9C90DB-EE28-4F1C-B205-897182F0BC17}.Release|Any CPU.Build.0 = Release|Any CPU
		{CB721DF4-5597-40B9-AC26-B96D1F1DB0D4}.Debug|Any CPU.ActiveCfg = Debug|Any CPU
		{CB721DF4-5597-40B9-AC26-B96D1F1DB0D4}.Debug|Any CPU.Build.0 = Debug|Any CPU
		{CB721DF4-5597-40B9-AC26-B96D1F1DB0D4}.Release|Any CPU.ActiveCfg = Release|Any CPU
		{CB721DF4-5597-40B9-AC26-B96D1F1DB0D4}.Release|Any CPU.Build.0 = Release|Any CPU
		{24761FBC-C328-4D77-8D0D-033840E8B8C3}.Debug|Any CPU.ActiveCfg = Debug|Any CPU
		{24761FBC-C328-4D77-8D0D-033840E8B8C3}.Debug|Any CPU.Build.0 = Debug|Any CPU
		{24761FBC-C328-4D77-8D0D-033840E8B8C3}.Release|Any CPU.ActiveCfg = Release|Any CPU
		{24761FBC-C328-4D77-8D0D-033840E8B8C3}.Release|Any CPU.Build.0 = Release|Any CPU
		{CA487B6C-8A1B-4653-8785-990CF83D21F0}.Debug|Any CPU.ActiveCfg = Debug|Any CPU
		{CA487B6C-8A1B-4653-8785-990CF83D21F0}.Debug|Any CPU.Build.0 = Debug|Any CPU
		{CA487B6C-8A1B-4653-8785-990CF83D21F0}.Release|Any CPU.ActiveCfg = Release|Any CPU
		{CA487B6C-8A1B-4653-8785-990CF83D21F0}.Release|Any CPU.Build.0 = Release|Any CPU
		{6D207297-B66B-4E47-BD3F-BF81E1C8D045}.Debug|Any CPU.ActiveCfg = Debug|Any CPU
		{6D207297-B66B-4E47-BD3F-BF81E1C8D045}.Debug|Any CPU.Build.0 = Debug|Any CPU
		{6D207297-B66B-4E47-BD3F-BF81E1C8D045}.Release|Any CPU.ActiveCfg = Release|Any CPU
		{6D207297-B66B-4E47-BD3F-BF81E1C8D045}.Release|Any CPU.Build.0 = Release|Any CPU
	EndGlobalSection
	GlobalSection(SolutionProperties) = preSolution
		HideSolutionNode = FALSE
	EndGlobalSection
EndGlobal
