
Microsoft Visual Studio Solution File, Format Version 12.00
# Visual Studio 15
VisualStudioVersion = 15.0.26430.14
MinimumVisualStudioVersion = 10.0.40219.1
Project("{FAE04EC0-301F-11D3-BF4B-00C04F79EFBC}") = "atv01", "atv01\atv01.csproj", "{76292755-D388-450D-A70B-A77C0976F4A0}"
EndProject
Project("{FAE04EC0-301F-11D3-BF4B-00C04F79EFBC}") = "atv02", "atv02\atv02.csproj", "{6A382867-FD75-4E56-9891-CD6FAAC03C69}"
EndProject
Project("{FAE04EC0-301F-11D3-BF4B-00C04F79EFBC}") = "atv03", "atv03\atv03.csproj", "{7446E20A-CBBB-43E8-82BA-000AC77E102B}"
EndProject
Project("{FAE04EC0-301F-11D3-BF4B-00C04F79EFBC}") = "atv04", "atv04\atv04.csproj", "{9DA925F9-0236-40DC-A2F3-F7D458B8ED22}"
EndProject
Project("{FAE04EC0-301F-11D3-BF4B-00C04F79EFBC}") = "atv05", "atv05\atv05.csproj", "{3B163A86-D414-426C-BA17-C15E2CFACF86}"
EndProject
Project("{FAE04EC0-301F-11D3-BF4B-00C04F79EFBC}") = "atv06", "atv06\atv06.csproj", "{3EECE5D4-DE97-422C-8885-F431F0AD9848}"
EndProject
Project("{FAE04EC0-301F-11D3-BF4B-00C04F79EFBC}") = "atv07", "atv07\atv07.csproj", "{7207F6F2-6369-4DA6-9964-68774D826D86}"
EndProject
Project("{FAE04EC0-301F-11D3-BF4B-00C04F79EFBC}") = "atv08", "atv08\atv08.csproj", "{A0695BA4-9F5D-477D-9D20-ACA61064C862}"
EndProject
Project("{FAE04EC0-301F-11D3-BF4B-00C04F79EFBC}") = "atv09", "atv09\atv09.csproj", "{D8391032-5CE9-4207-824F-C535B5884F3E}"
EndProject
Project("{FAE04EC0-301F-11D3-BF4B-00C04F79EFBC}") = "atv10", "atv10\atv10.csproj", "{090C9660-DE31-4B39-8897-DED8391E3363}"
EndProject
Project("{FAE04EC0-301F-11D3-BF4B-00C04F79EFBC}") = "atv11", "atv11\atv11.csproj", "{47DC3572-91A6-41A2-942B-16DA1D999AA5}"
EndProject
Project("{FAE04EC0-301F-11D3-BF4B-00C04F79EFBC}") = "atv12", "atv12\atv12.csproj", "{74936E8B-325E-4ECD-AD20-4BBC73005772}"
EndProject
Project("{FAE04EC0-301F-11D3-BF4B-00C04F79EFBC}") = "atv13", "atv13\atv13.csproj", "{F8FD9EB3-AC1C-4D4E-836E-76B1C467783E}"
EndProject
Project("{FAE04EC0-301F-11D3-BF4B-00C04F79EFBC}") = "atv14", "atv14\atv14.csproj", "{04545594-EDCC-4B27-961B-50C8DB53216F}"
EndProject
Global
	GlobalSection(SolutionConfigurationPlatforms) = preSolution
		Debug|Any CPU = Debug|Any CPU
		Release|Any CPU = Release|Any CPU
	EndGlobalSection
	GlobalSection(ProjectConfigurationPlatforms) = postSolution
		{76292755-D388-450D-A70B-A77C0976F4A0}.Debug|Any CPU.ActiveCfg = Debug|Any CPU
		{76292755-D388-450D-A70B-A77C0976F4A0}.Debug|Any CPU.Build.0 = Debug|Any CPU
		{76292755-D388-450D-A70B-A77C0976F4A0}.Release|Any CPU.ActiveCfg = Release|Any CPU
		{76292755-D388-450D-A70B-A77C0976F4A0}.Release|Any CPU.Build.0 = Release|Any CPU
		{6A382867-FD75-4E56-9891-CD6FAAC03C69}.Debug|Any CPU.ActiveCfg = Debug|Any CPU
		{6A382867-FD75-4E56-9891-CD6FAAC03C69}.Debug|Any CPU.Build.0 = Debug|Any CPU
		{6A382867-FD75-4E56-9891-CD6FAAC03C69}.Release|Any CPU.ActiveCfg = Release|Any CPU
		{6A382867-FD75-4E56-9891-CD6FAAC03C69}.Release|Any CPU.Build.0 = Release|Any CPU
		{7446E20A-CBBB-43E8-82BA-000AC77E102B}.Debug|Any CPU.ActiveCfg = Debug|Any CPU
		{7446E20A-CBBB-43E8-82BA-000AC77E102B}.Debug|Any CPU.Build.0 = Debug|Any CPU
		{7446E20A-CBBB-43E8-82BA-000AC77E102B}.Release|Any CPU.ActiveCfg = Release|Any CPU
		{7446E20A-CBBB-43E8-82BA-000AC77E102B}.Release|Any CPU.Build.0 = Release|Any CPU
		{9DA925F9-0236-40DC-A2F3-F7D458B8ED22}.Debug|Any CPU.ActiveCfg = Debug|Any CPU
		{9DA925F9-0236-40DC-A2F3-F7D458B8ED22}.Debug|Any CPU.Build.0 = Debug|Any CPU
		{9DA925F9-0236-40DC-A2F3-F7D458B8ED22}.Release|Any CPU.ActiveCfg = Release|Any CPU
		{9DA925F9-0236-40DC-A2F3-F7D458B8ED22}.Release|Any CPU.Build.0 = Release|Any CPU
		{3B163A86-D414-426C-BA17-C15E2CFACF86}.Debug|Any CPU.ActiveCfg = Debug|Any CPU
		{3B163A86-D414-426C-BA17-C15E2CFACF86}.Debug|Any CPU.Build.0 = Debug|Any CPU
		{3B163A86-D414-426C-BA17-C15E2CFACF86}.Release|Any CPU.ActiveCfg = Release|Any CPU
		{3B163A86-D414-426C-BA17-C15E2CFACF86}.Release|Any CPU.Build.0 = Release|Any CPU
		{3EECE5D4-DE97-422C-8885-F431F0AD9848}.Debug|Any CPU.ActiveCfg = Debug|Any CPU
		{3EECE5D4-DE97-422C-8885-F431F0AD9848}.Debug|Any CPU.Build.0 = Debug|Any CPU
		{3EECE5D4-DE97-422C-8885-F431F0AD9848}.Release|Any CPU.ActiveCfg = Release|Any CPU
		{3EECE5D4-DE97-422C-8885-F431F0AD9848}.Release|Any CPU.Build.0 = Release|Any CPU
		{7207F6F2-6369-4DA6-9964-68774D826D86}.Debug|Any CPU.ActiveCfg = Debug|Any CPU
		{7207F6F2-6369-4DA6-9964-68774D826D86}.Debug|Any CPU.Build.0 = Debug|Any CPU
		{7207F6F2-6369-4DA6-9964-68774D826D86}.Release|Any CPU.ActiveCfg = Release|Any CPU
		{7207F6F2-6369-4DA6-9964-68774D826D86}.Release|Any CPU.Build.0 = Release|Any CPU
		{A0695BA4-9F5D-477D-9D20-ACA61064C862}.Debug|Any CPU.ActiveCfg = Debug|Any CPU
		{A0695BA4-9F5D-477D-9D20-ACA61064C862}.Debug|Any CPU.Build.0 = Debug|Any CPU
		{A0695BA4-9F5D-477D-9D20-ACA61064C862}.Release|Any CPU.ActiveCfg = Release|Any CPU
		{A0695BA4-9F5D-477D-9D20-ACA61064C862}.Release|Any CPU.Build.0 = Release|Any CPU
		{D8391032-5CE9-4207-824F-C535B5884F3E}.Debug|Any CPU.ActiveCfg = Debug|Any CPU
		{D8391032-5CE9-4207-824F-C535B5884F3E}.Debug|Any CPU.Build.0 = Debug|Any CPU
		{D8391032-5CE9-4207-824F-C535B5884F3E}.Release|Any CPU.ActiveCfg = Release|Any CPU
		{D8391032-5CE9-4207-824F-C535B5884F3E}.Release|Any CPU.Build.0 = Release|Any CPU
		{090C9660-DE31-4B39-8897-DED8391E3363}.Debug|Any CPU.ActiveCfg = Debug|Any CPU
		{090C9660-DE31-4B39-8897-DED8391E3363}.Debug|Any CPU.Build.0 = Debug|Any CPU
		{090C9660-DE31-4B39-8897-DED8391E3363}.Release|Any CPU.ActiveCfg = Release|Any CPU
		{090C9660-DE31-4B39-8897-DED8391E3363}.Release|Any CPU.Build.0 = Release|Any CPU
		{47DC3572-91A6-41A2-942B-16DA1D999AA5}.Debug|Any CPU.ActiveCfg = Debug|Any CPU
		{47DC3572-91A6-41A2-942B-16DA1D999AA5}.Debug|Any CPU.Build.0 = Debug|Any CPU
		{47DC3572-91A6-41A2-942B-16DA1D999AA5}.Release|Any CPU.ActiveCfg = Release|Any CPU
		{47DC3572-91A6-41A2-942B-16DA1D999AA5}.Release|Any CPU.Build.0 = Release|Any CPU
		{74936E8B-325E-4ECD-AD20-4BBC73005772}.Debug|Any CPU.ActiveCfg = Debug|Any CPU
		{74936E8B-325E-4ECD-AD20-4BBC73005772}.Debug|Any CPU.Build.0 = Debug|Any CPU
		{74936E8B-325E-4ECD-AD20-4BBC73005772}.Release|Any CPU.ActiveCfg = Release|Any CPU
		{74936E8B-325E-4ECD-AD20-4BBC73005772}.Release|Any CPU.Build.0 = Release|Any CPU
		{F8FD9EB3-AC1C-4D4E-836E-76B1C467783E}.Debug|Any CPU.ActiveCfg = Debug|Any CPU
		{F8FD9EB3-AC1C-4D4E-836E-76B1C467783E}.Debug|Any CPU.Build.0 = Debug|Any CPU
		{F8FD9EB3-AC1C-4D4E-836E-76B1C467783E}.Release|Any CPU.ActiveCfg = Release|Any CPU
		{F8FD9EB3-AC1C-4D4E-836E-76B1C467783E}.Release|Any CPU.Build.0 = Release|Any CPU
		{04545594-EDCC-4B27-961B-50C8DB53216F}.Debug|Any CPU.ActiveCfg = Debug|Any CPU
		{04545594-EDCC-4B27-961B-50C8DB53216F}.Debug|Any CPU.Build.0 = Debug|Any CPU
		{04545594-EDCC-4B27-961B-50C8DB53216F}.Release|Any CPU.ActiveCfg = Release|Any CPU
		{04545594-EDCC-4B27-961B-50C8DB53216F}.Release|Any CPU.Build.0 = Release|Any CPU
	EndGlobalSection
	GlobalSection(SolutionProperties) = preSolution
		HideSolutionNode = FALSE
	EndGlobalSection
EndGlobal
